
Microsoft Visual Studio Solution File, Format Version 12.00
# Visual Studio Version 17
VisualStudioVersion = 17.5.33530.505
MinimumVisualStudioVersion = 10.0.40219.1
Project("{FAE04EC0-301F-11D3-BF4B-00C04F79EFBC}") = "Passaparola", "Passaparola\Passaparola.csproj", "{8B4D20AD-F8E6-4C65-B771-DB4D3402C976}"
EndProject
Global
	GlobalSection(SolutionConfigurationPlatforms) = preSolution
		Debug|Any CPU = Debug|Any CPU
		Release|Any CPU = Release|Any CPU
	EndGlobalSection
	GlobalSection(ProjectConfigurationPlatforms) = postSolution
		{8B4D20AD-F8E6-4C65-B771-DB4D3402C976}.Debug|Any CPU.ActiveCfg = Debug|Any CPU
		{8B4D20AD-F8E6-4C65-B771-DB4D3402C976}.Debug|Any CPU.Build.0 = Debug|Any CPU
		{8B4D20AD-F8E6-4C65-B771-DB4D3402C976}.Release|Any CPU.ActiveCfg = Release|Any CPU
		{8B4D20AD-F8E6-4C65-B771-DB4D3402C976}.Release|Any CPU.Build.0 = Release|Any CPU
	EndGlobalSection
	GlobalSection(SolutionProperties) = preSolution
		HideSolutionNode = FALSE
	EndGlobalSection
	GlobalSection(ExtensibilityGlobals) = postSolution
		SolutionGuid = {1C9F123A-0D58-4C47-8CB8-EB6E2EF18A9A}
	EndGlobalSection
EndGlobal
